
Microsoft Visual Studio Solution File, Format Version 12.00
# Visual Studio Version 16
VisualStudioVersion = 16.0.32228.343
MinimumVisualStudioVersion = 10.0.40219.1
Project("{FAE04EC0-301F-11D3-BF4B-00C04F79EFBC}") = "01. String Game", "ConsoleApp4\01. String Game.csproj", "{1926F1F1-4FA0-4958-B53C-EC5CF059C69B}"
EndProject
Project("{FAE04EC0-301F-11D3-BF4B-00C04F79EFBC}") = "02. Boss Rush", "02. Boss Rush\02. Boss Rush.csproj", "{71412B6C-CBBC-4D24-9F75-2677A663EDAF}"
EndProject
Project("{FAE04EC0-301F-11D3-BF4B-00C04F79EFBC}") = "03. Hero Recruitment", "03. Hero Recruitment\03. Hero Recruitment.csproj", "{86C8CF20-2415-4F84-8721-19B8EAF9E70E}"
EndProject
Global
	GlobalSection(SolutionConfigurationPlatforms) = preSolution
		Debug|Any CPU = Debug|Any CPU
		Release|Any CPU = Release|Any CPU
	EndGlobalSection
	GlobalSection(ProjectConfigurationPlatforms) = postSolution
		{1926F1F1-4FA0-4958-B53C-EC5CF059C69B}.Debug|Any CPU.ActiveCfg = Debug|Any CPU
		{1926F1F1-4FA0-4958-B53C-EC5CF059C69B}.Debug|Any CPU.Build.0 = Debug|Any CPU
		{1926F1F1-4FA0-4958-B53C-EC5CF059C69B}.Release|Any CPU.ActiveCfg = Release|Any CPU
		{1926F1F1-4FA0-4958-B53C-EC5CF059C69B}.Release|Any CPU.Build.0 = Release|Any CPU
		{71412B6C-CBBC-4D24-9F75-2677A663EDAF}.Debug|Any CPU.ActiveCfg = Debug|Any CPU
		{71412B6C-CBBC-4D24-9F75-2677A663EDAF}.Debug|Any CPU.Build.0 = Debug|Any CPU
		{71412B6C-CBBC-4D24-9F75-2677A663EDAF}.Release|Any CPU.ActiveCfg = Release|Any CPU
		{71412B6C-CBBC-4D24-9F75-2677A663EDAF}.Release|Any CPU.Build.0 = Release|Any CPU
		{86C8CF20-2415-4F84-8721-19B8EAF9E70E}.Debug|Any CPU.ActiveCfg = Debug|Any CPU
		{86C8CF20-2415-4F84-8721-19B8EAF9E70E}.Debug|Any CPU.Build.0 = Debug|Any CPU
		{86C8CF20-2415-4F84-8721-19B8EAF9E70E}.Release|Any CPU.ActiveCfg = Release|Any CPU
		{86C8CF20-2415-4F84-8721-19B8EAF9E70E}.Release|Any CPU.Build.0 = Release|Any CPU
	EndGlobalSection
	GlobalSection(SolutionProperties) = preSolution
		HideSolutionNode = FALSE
	EndGlobalSection
	GlobalSection(ExtensibilityGlobals) = postSolution
		SolutionGuid = {952D35B8-A916-4E8E-B5E9-801A0C0BD54F}
	EndGlobalSection
EndGlobal
